// !$*UTF8*$!
{
	archiveVersion = 1;
	classes = {
	};
	objectVersion = 50;
	objects = {

/* Begin PBXBuildFile section */
		85F52754213EDE5D0045262B /* AppDelegate.m in Sources */ = {isa = PBXBuildFile; fileRef = 85F52753213EDE5D0045262B /* AppDelegate.m */; };
		85F52757213EDE5D0045262B /* ViewController.m in Sources */ = {isa = PBXBuildFile; fileRef = 85F52756213EDE5D0045262B /* ViewController.m */; };
		85F5275A213EDE5E0045262B /* Main.storyboard in Resources */ = {isa = PBXBuildFile; fileRef = 85F52758213EDE5E0045262B /* Main.storyboard */; };
		85F5275C213EDE830045262B /* Assets.xcassets in Resources */ = {isa = PBXBuildFile; fileRef = 85F5275B213EDE830045262B /* Assets.xcassets */; };
		85F52762213EDE830045262B /* main.m in Sources */ = {isa = PBXBuildFile; fileRef = 85F52761213EDE830045262B /* main.m */; };
		85F5276C213EDE830045262B /* TouchExplorerTests.m in Sources */ = {isa = PBXBuildFile; fileRef = 85F5276B213EDE830045262B /* TouchExplorerTests.m */; };
		85F52777213EDE830045262B /* TouchExplorerUITests.m in Sources */ = {isa = PBXBuildFile; fileRef = 85F52776213EDE830045262B /* TouchExplorerUITests.m */; };
/* End PBXBuildFile section */

/* Begin PBXContainerItemProxy section */
		85F52768213EDE830045262B /* PBXContainerItemProxy */ = {
			isa = PBXContainerItemProxy;
			containerPortal = 85F52747213EDE5C0045262B /* Project object */;
			proxyType = 1;
			remoteGlobalIDString = 85F5274E213EDE5D0045262B;
			remoteInfo = TouchExplorer;
		};
		85F52773213EDE830045262B /* PBXContainerItemProxy */ = {
			isa = PBXContainerItemProxy;
			containerPortal = 85F52747213EDE5C0045262B /* Project object */;
			proxyType = 1;
			remoteGlobalIDString = 85F5274E213EDE5D0045262B;
			remoteInfo = TouchExplorer;
		};
/* End PBXContainerItemProxy section */

/* Begin PBXFileReference section */
		85F5274F213EDE5D0045262B /* TouchExplorer.app */ = {isa = PBXFileReference; explicitFileType = wrapper.application; includeInIndex = 0; path = TouchExplorer.app; sourceTree = BUILT_PRODUCTS_DIR; };
		85F52752213EDE5D0045262B /* AppDelegate.h */ = {isa = PBXFileReference; lastKnownFileType = sourcecode.c.h; path = AppDelegate.h; sourceTree = "<group>"; };
		85F52753213EDE5D0045262B /* AppDelegate.m */ = {isa = PBXFileReference; lastKnownFileType = sourcecode.c.objc; path = AppDelegate.m; sourceTree = "<group>"; };
		85F52755213EDE5D0045262B /* ViewController.h */ = {isa = PBXFileReference; lastKnownFileType = sourcecode.c.h; path = ViewController.h; sourceTree = "<group>"; };
		85F52756213EDE5D0045262B /* ViewController.m */ = {isa = PBXFileReference; lastKnownFileType = sourcecode.c.objc; path = ViewController.m; sourceTree = "<group>"; };
		85F52759213EDE5E0045262B /* Base */ = {isa = PBXFileReference; lastKnownFileType = file.storyboard; name = Base; path = Base.lproj/Main.storyboard; sourceTree = "<group>"; };
		85F5275B213EDE830045262B /* Assets.xcassets */ = {isa = PBXFileReference; lastKnownFileType = folder.assetcatalog; path = Assets.xcassets; sourceTree = "<group>"; };
		85F52760213EDE830045262B /* Info.plist */ = {isa = PBXFileReference; lastKnownFileType = text.plist.xml; path = Info.plist; sourceTree = "<group>"; };
		85F52761213EDE830045262B /* main.m */ = {isa = PBXFileReference; lastKnownFileType = sourcecode.c.objc; path = main.m; sourceTree = "<group>"; };
		85F52767213EDE830045262B /* TouchExplorerTests.xctest */ = {isa = PBXFileReference; explicitFileType = wrapper.cfbundle; includeInIndex = 0; path = TouchExplorerTests.xctest; sourceTree = BUILT_PRODUCTS_DIR; };
		85F5276B213EDE830045262B /* TouchExplorerTests.m */ = {isa = PBXFileReference; lastKnownFileType = sourcecode.c.objc; path = TouchExplorerTests.m; sourceTree = "<group>"; };
		85F5276D213EDE830045262B /* Info.plist */ = {isa = PBXFileReference; lastKnownFileType = text.plist.xml; path = Info.plist; sourceTree = "<group>"; };
		85F52772213EDE830045262B /* TouchExplorerUITests.xctest */ = {isa = PBXFileReference; explicitFileType = wrapper.cfbundle; includeInIndex = 0; path = TouchExplorerUITests.xctest; sourceTree = BUILT_PRODUCTS_DIR; };
		85F52776213EDE830045262B /* TouchExplorerUITests.m */ = {isa = PBXFileReference; lastKnownFileType = sourcecode.c.objc; path = TouchExplorerUITests.m; sourceTree = "<group>"; };
		85F52778213EDE830045262B /* Info.plist */ = {isa = PBXFileReference; lastKnownFileType = text.plist.xml; path = Info.plist; sourceTree = "<group>"; };
/* End PBXFileReference section */

/* Begin PBXFrameworksBuildPhase section */
		85F5274C213EDE5D0045262B /* Frameworks */ = {
			isa = PBXFrameworksBuildPhase;
			buildActionMask = 2147483647;
			files = (
			);
			runOnlyForDeploymentPostprocessing = 0;
		};
		85F52764213EDE830045262B /* Frameworks */ = {
			isa = PBXFrameworksBuildPhase;
			buildActionMask = 2147483647;
			files = (
			);
			runOnlyForDeploymentPostprocessing = 0;
		};
		85F5276F213EDE830045262B /* Frameworks */ = {
			isa = PBXFrameworksBuildPhase;
			buildActionMask = 2147483647;
			files = (
			);
			runOnlyForDeploymentPostprocessing = 0;
		};
/* End PBXFrameworksBuildPhase section */

/* Begin PBXGroup section */
		85F52746213EDE5C0045262B = {
			isa = PBXGroup;
			children = (
				85F52751213EDE5D0045262B /* TouchExplorer */,
				85F5276A213EDE830045262B /* TouchExplorerTests */,
				85F52775213EDE830045262B /* TouchExplorerUITests */,
				85F52750213EDE5D0045262B /* Products */,
			);
			sourceTree = "<group>";
		};
		85F52750213EDE5D0045262B /* Products */ = {
			isa = PBXGroup;
			children = (
				85F5274F213EDE5D0045262B /* TouchExplorer.app */,
				85F52767213EDE830045262B /* TouchExplorerTests.xctest */,
				85F52772213EDE830045262B /* TouchExplorerUITests.xctest */,
			);
			name = Products;
			sourceTree = "<group>";
		};
		85F52751213EDE5D0045262B /* TouchExplorer */ = {
			isa = PBXGroup;
			children = (
				85F52752213EDE5D0045262B /* AppDelegate.h */,
				85F52753213EDE5D0045262B /* AppDelegate.m */,
				85F52755213EDE5D0045262B /* ViewController.h */,
				85F52756213EDE5D0045262B /* ViewController.m */,
				85F52758213EDE5E0045262B /* Main.storyboard */,
				85F5275B213EDE830045262B /* Assets.xcassets */,
				85F52760213EDE830045262B /* Info.plist */,
				85F52761213EDE830045262B /* main.m */,
			);
			path = TouchExplorer;
			sourceTree = "<group>";
		};
		85F5276A213EDE830045262B /* TouchExplorerTests */ = {
			isa = PBXGroup;
			children = (
				85F5276B213EDE830045262B /* TouchExplorerTests.m */,
				85F5276D213EDE830045262B /* Info.plist */,
			);
			path = TouchExplorerTests;
			sourceTree = "<group>";
		};
		85F52775213EDE830045262B /* TouchExplorerUITests */ = {
			isa = PBXGroup;
			children = (
				85F52776213EDE830045262B /* TouchExplorerUITests.m */,
				85F52778213EDE830045262B /* Info.plist */,
			);
			path = TouchExplorerUITests;
			sourceTree = "<group>";
		};
/* End PBXGroup section */

/* Begin PBXNativeTarget section */
		85F5274E213EDE5D0045262B /* TouchExplorer */ = {
			isa = PBXNativeTarget;
			buildConfigurationList = 85F5277B213EDE830045262B /* Build configuration list for PBXNativeTarget "TouchExplorer" */;
			buildPhases = (
				85F5274B213EDE5D0045262B /* Sources */,
				85F5274C213EDE5D0045262B /* Frameworks */,
				85F5274D213EDE5D0045262B /* Resources */,
			);
			buildRules = (
			);
			dependencies = (
			);
			name = TouchExplorer;
			productName = TouchExplorer;
			productReference = 85F5274F213EDE5D0045262B /* TouchExplorer.app */;
			productType = "com.apple.product-type.application";
		};
		85F52766213EDE830045262B /* TouchExplorerTests */ = {
			isa = PBXNativeTarget;
			buildConfigurationList = 85F5277E213EDE830045262B /* Build configuration list for PBXNativeTarget "TouchExplorerTests" */;
			buildPhases = (
				85F52763213EDE830045262B /* Sources */,
				85F52764213EDE830045262B /* Frameworks */,
				85F52765213EDE830045262B /* Resources */,
			);
			buildRules = (
			);
			dependencies = (
				85F52769213EDE830045262B /* PBXTargetDependency */,
			);
			name = TouchExplorerTests;
			productName = TouchExplorerTests;
			productReference = 85F52767213EDE830045262B /* TouchExplorerTests.xctest */;
			productType = "com.apple.product-type.bundle.unit-test";
		};
		85F52771213EDE830045262B /* TouchExplorerUITests */ = {
			isa = PBXNativeTarget;
			buildConfigurationList = 85F52781213EDE830045262B /* Build configuration list for PBXNativeTarget "TouchExplorerUITests" */;
			buildPhases = (
				85F5276E213EDE830045262B /* Sources */,
				85F5276F213EDE830045262B /* Frameworks */,
				85F52770213EDE830045262B /* Resources */,
			);
			buildRules = (
			);
			dependencies = (
				85F52774213EDE830045262B /* PBXTargetDependency */,
			);
			name = TouchExplorerUITests;
			productName = TouchExplorerUITests;
			productReference = 85F52772213EDE830045262B /* TouchExplorerUITests.xctest */;
			productType = "com.apple.product-type.bundle.ui-testing";
		};
/* End PBXNativeTarget section */

/* Begin PBXProject section */
		85F52747213EDE5C0045262B /* Project object */ = {
			isa = PBXProject;
			attributes = {
				LastUpgradeCheck = 0940;
				ORGANIZATIONNAME = MERA;
				TargetAttributes = {
					85F5274E213EDE5D0045262B = {
						CreatedOnToolsVersion = 9.4.1;
					};
					85F52766213EDE830045262B = {
						CreatedOnToolsVersion = 9.4.1;
						TestTargetID = 85F5274E213EDE5D0045262B;
					};
					85F52771213EDE830045262B = {
						CreatedOnToolsVersion = 9.4.1;
						TestTargetID = 85F5274E213EDE5D0045262B;
					};
				};
			};
			buildConfigurationList = 85F5274A213EDE5C0045262B /* Build configuration list for PBXProject "TouchExplorer" */;
			compatibilityVersion = "Xcode 9.3";
			developmentRegion = en;
			hasScannedForEncodings = 0;
			knownRegions = (
				en,
				Base,
			);
			mainGroup = 85F52746213EDE5C0045262B;
			productRefGroup = 85F52750213EDE5D0045262B /* Products */;
			projectDirPath = "";
			projectRoot = "";
			targets = (
				85F5274E213EDE5D0045262B /* TouchExplorer */,
				85F52766213EDE830045262B /* TouchExplorerTests */,
				85F52771213EDE830045262B /* TouchExplorerUITests */,
			);
		};
/* End PBXProject section */

/* Begin PBXResourcesBuildPhase section */
		85F5274D213EDE5D0045262B /* Resources */ = {
			isa = PBXResourcesBuildPhase;
			buildActionMask = 2147483647;
			files = (
				85F5275C213EDE830045262B /* Assets.xcassets in Resources */,
				85F5275A213EDE5E0045262B /* Main.storyboard in Resources */,
			);
			runOnlyForDeploymentPostprocessing = 0;
		};
		85F52765213EDE830045262B /* Resources */ = {
			isa = PBXResourcesBuildPhase;
			buildActionMask = 2147483647;
			files = (
			);
			runOnlyForDeploymentPostprocessing = 0;
		};
		85F52770213EDE830045262B /* Resources */ = {
			isa = PBXResourcesBuildPhase;
			buildActionMask = 2147483647;
			files = (
			);
			runOnlyForDeploymentPostprocessing = 0;
		};
/* End PBXResourcesBuildPhase section */

/* Begin PBXSourcesBuildPhase section */
		85F5274B213EDE5D0045262B /* Sources */ = {
			isa = PBXSourcesBuildPhase;
			buildActionMask = 2147483647;
			files = (
				85F52757213EDE5D0045262B /* ViewController.m in Sources */,
				85F52762213EDE830045262B /* main.m in Sources */,
				85F52754213EDE5D0045262B /* AppDelegate.m in Sources */,
			);
			runOnlyForDeploymentPostprocessing = 0;
		};
		85F52763213EDE830045262B /* Sources */ = {
			isa = PBXSourcesBuildPhase;
			buildActionMask = 2147483647;
			files = (
				85F5276C213EDE830045262B /* TouchExplorerTests.m in Sources */,
			);
			runOnlyForDeploymentPostprocessing = 0;
		};
		85F5276E213EDE830045262B /* Sources */ = {
			isa = PBXSourcesBuildPhase;
			buildActionMask = 2147483647;
			files = (
				85F52777213EDE830045262B /* TouchExplorerUITests.m in Sources */,
			);
			runOnlyForDeploymentPostprocessing = 0;
		};
/* End PBXSourcesBuildPhase section */

/* Begin PBXTargetDependency section */
		85F52769213EDE830045262B /* PBXTargetDependency */ = {
			isa = PBXTargetDependency;
			target = 85F5274E213EDE5D0045262B /* TouchExplorer */;
			targetProxy = 85F52768213EDE830045262B /* PBXContainerItemProxy */;
		};
		85F52774213EDE830045262B /* PBXTargetDependency */ = {
			isa = PBXTargetDependency;
			target = 85F5274E213EDE5D0045262B /* TouchExplorer */;
			targetProxy = 85F52773213EDE830045262B /* PBXContainerItemProxy */;
		};
/* End PBXTargetDependency section */

/* Begin PBXVariantGroup section */
		85F52758213EDE5E0045262B /* Main.storyboard */ = {
			isa = PBXVariantGroup;
			children = (
				85F52759213EDE5E0045262B /* Base */,
			);
			name = Main.storyboard;
			sourceTree = "<group>";
		};
/* End PBXVariantGroup section */

/* Begin XCBuildConfiguration section */
		85F52779213EDE830045262B /* Debug */ = {
			isa = XCBuildConfiguration;
			buildSettings = {
				ALWAYS_SEARCH_USER_PATHS = NO;
				CLANG_ANALYZER_NONNULL = YES;
				CLANG_ANALYZER_NUMBER_OBJECT_CONVERSION = YES_AGGRESSIVE;
				CLANG_CXX_LANGUAGE_STANDARD = "gnu++14";
				CLANG_CXX_LIBRARY = "libc++";
				CLANG_ENABLE_MODULES = YES;
				CLANG_ENABLE_OBJC_ARC = YES;
				CLANG_ENABLE_OBJC_WEAK = YES;
				CLANG_WARN_BLOCK_CAPTURE_AUTORELEASING = YES;
				CLANG_WARN_BOOL_CONVERSION = YES;
				CLANG_WARN_COMMA = YES;
				CLANG_WARN_CONSTANT_CONVERSION = YES;
				CLANG_WARN_DEPRECATED_OBJC_IMPLEMENTATIONS = YES;
				CLANG_WARN_DIRECT_OBJC_ISA_USAGE = YES_ERROR;
				CLANG_WARN_DOCUMENTATION_COMMENTS = YES;
				CLANG_WARN_EMPTY_BODY = YES;
				CLANG_WARN_ENUM_CONVERSION = YES;
				CLANG_WARN_INFINITE_RECURSION = YES;
				CLANG_WARN_INT_CONVERSION = YES;
				CLANG_WARN_NON_LITERAL_NULL_CONVERSION = YES;
				CLANG_WARN_OBJC_IMPLICIT_RETAIN_SELF = YES;
				CLANG_WARN_OBJC_LITERAL_CONVERSION = YES;
				CLANG_WARN_OBJC_ROOT_CLASS = YES_ERROR;
				CLANG_WARN_RANGE_LOOP_ANALYSIS = YES;
				CLANG_WARN_STRICT_PROTOTYPES = YES;
				CLANG_WARN_SUSPICIOUS_MOVE = YES;
				CLANG_WARN_UNGUARDED_AVAILABILITY = YES_AGGRESSIVE;
				CLANG_WARN_UNREACHABLE_CODE = YES;
				CLANG_WARN__DUPLICATE_METHOD_MATCH = YES;
				CODE_SIGN_IDENTITY = "iPhone Developer";
				COPY_PHASE_STRIP = NO;
				DEBUG_INFORMATION_FORMAT = dwarf;
				ENABLE_STRICT_OBJC_MSGSEND = YES;
				ENABLE_TESTABILITY = YES;
				GCC_C_LANGUAGE_STANDARD = gnu11;
				GCC_DYNAMIC_NO_PIC = NO;
				GCC_NO_COMMON_BLOCKS = YES;
				GCC_OPTIMIZATION_LEVEL = 0;
				GCC_PREPROCESSOR_DEFINITIONS = (
					"DEBUG=1",
					"$(inherited)",
				);
				GCC_WARN_64_TO_32_BIT_CONVERSION = YES;
				GCC_WARN_ABOUT_RETURN_TYPE = YES_ERROR;
				GCC_WARN_UNDECLARED_SELECTOR = YES;
				GCC_WARN_UNINITIALIZED_AUTOS = YES_AGGRESSIVE;
				GCC_WARN_UNUSED_FUNCTION = YES;
				GCC_WARN_UNUSED_VARIABLE = YES;
				IPHONEOS_DEPLOYMENT_TARGET = 11.4;
				MTL_ENABLE_DEBUG_INFO = YES;
				ONLY_ACTIVE_ARCH = YES;
				SDKROOT = iphoneos;
			};
			name = Debug;
		};
		85F5277A213EDE830045262B /* Release */ = {
			isa = XCBuildConfiguration;
			buildSettings = {
				ALWAYS_SEARCH_USER_PATHS = NO;
				CLANG_ANALYZER_NONNULL = YES;
				CLANG_ANALYZER_NUMBER_OBJECT_CONVERSION = YES_AGGRESSIVE;
				CLANG_CXX_LANGUAGE_STANDARD = "gnu++14";
				CLANG_CXX_LIBRARY = "libc++";
				CLANG_ENABLE_MODULES = YES;
				CLANG_ENABLE_OBJC_ARC = YES;
				CLANG_ENABLE_OBJC_WEAK = YES;
				CLANG_WARN_BLOCK_CAPTURE_AUTORELEASING = YES;
				CLANG_WARN_BOOL_CONVERSION = YES;
				CLANG_WARN_COMMA = YES;
				CLANG_WARN_CONSTANT_CONVERSION = YES;
				CLANG_WARN_DEPRECATED_OBJC_IMPLEMENTATIONS = YES;
				CLANG_WARN_DIRECT_OBJC_ISA_USAGE = YES_ERROR;
				CLANG_WARN_DOCUMENTATION_COMMENTS = YES;
				CLANG_WARN_EMPTY_BODY = YES;
				CLANG_WARN_ENUM_CONVERSION = YES;
				CLANG_WARN_INFINITE_RECURSION = YES;
				CLANG_WARN_INT_CONVERSION = YES;
				CLANG_WARN_NON_LITERAL_NULL_CONVERSION = YES;
				CLANG_WARN_OBJC_IMPLICIT_RETAIN_SELF = YES;
				CLANG_WARN_OBJC_LITERAL_CONVERSION = YES;
				CLANG_WARN_OBJC_ROOT_CLASS = YES_ERROR;
				CLANG_WARN_RANGE_LOOP_ANALYSIS = YES;
				CLANG_WARN_STRICT_PROTOTYPES = YES;
				CLANG_WARN_SUSPICIOUS_MOVE = YES;
				CLANG_WARN_UNGUARDED_AVAILABILITY = YES_AGGRESSIVE;
				CLANG_WARN_UNREACHABLE_CODE = YES;
				CLANG_WARN__DUPLICATE_METHOD_MATCH = YES;
				CODE_SIGN_IDENTITY = "iPhone Developer";
				COPY_PHASE_STRIP = NO;
				DEBUG_INFORMATION_FORMAT = "dwarf-with-dsym";
				ENABLE_NS_ASSERTIONS = NO;
				ENABLE_STRICT_OBJC_MSGSEND = YES;
				GCC_C_LANGUAGE_STANDARD = gnu11;
				GCC_NO_COMMON_BLOCKS = YES;
				GCC_WARN_64_TO_32_BIT_CONVERSION = YES;
				GCC_WARN_ABOUT_RETURN_TYPE = YES_ERROR;
				GCC_WARN_UNDECLARED_SELECTOR = YES;
				GCC_WARN_UNINITIALIZED_AUTOS = YES_AGGRESSIVE;
				GCC_WARN_UNUSED_FUNCTION = YES;
				GCC_WARN_UNUSED_VARIABLE = YES;
				IPHONEOS_DEPLOYMENT_TARGET = 11.4;
				MTL_ENABLE_DEBUG_INFO = NO;
				SDKROOT = iphoneos;
				VALIDATE_PRODUCT = YES;
			};
			name = Release;
		};
		85F5277C213EDE830045262B /* Debug */ = {
			isa = XCBuildConfiguration;
			buildSettings = {
				ASSETCATALOG_COMPILER_APPICON_NAME = AppIcon;
				CODE_SIGN_STYLE = Automatic;
				INFOPLIST_FILE = TouchExplorer/Info.plist;
				LD_RUNPATH_SEARCH_PATHS = (
					"$(inherited)",
					"@executable_path/Frameworks",
				);
				PRODUCT_BUNDLE_IDENTIFIER = MERA.acheck.TouchExplorer;
				PRODUCT_NAME = "$(TARGET_NAME)";
				TARGETED_DEVICE_FAMILY = "1,2";
			};
			name = Debug;
		};
		85F5277D213EDE830045262B /* Release */ = {
			isa = XCBuildConfiguration;
			buildSettings = {
				ASSETCATALOG_COMPILER_APPICON_NAME = AppIcon;
				CODE_SIGN_STYLE = Automatic;
				INFOPLIST_FILE = TouchExplorer/Info.plist;
				LD_RUNPATH_SEARCH_PATHS = (
					"$(inherited)",
					"@executable_path/Frameworks",
				);
				PRODUCT_BUNDLE_IDENTIFIER = MERA.acheck.TouchExplorer;
				PRODUCT_NAME = "$(TARGET_NAME)";
				TARGETED_DEVICE_FAMILY = "1,2";
			};
			name = Release;
		};
		85F5277F213EDE830045262B /* Debug */ = {
			isa = XCBuildConfiguration;
			buildSettings = {
				BUNDLE_LOADER = "$(TEST_HOST)";
				CODE_SIGN_STYLE = Automatic;
				INFOPLIST_FILE = TouchExplorerTests/Info.plist;
				LD_RUNPATH_SEARCH_PATHS = (
					"$(inherited)",
					"@executable_path/Frameworks",
					"@loader_path/Frameworks",
				);
				PRODUCT_BUNDLE_IDENTIFIER = MERA.acheck.TouchExplorerTests;
				PRODUCT_NAME = "$(TARGET_NAME)";
				TARGETED_DEVICE_FAMILY = "1,2";
				TEST_HOST = "$(BUILT_PRODUCTS_DIR)/TouchExplorer.app/TouchExplorer";
			};
			name = Debug;
		};
		85F52780213EDE830045262B /* Release */ = {
			isa = XCBuildConfiguration;
			buildSettings = {
				BUNDLE_LOADER = "$(TEST_HOST)";
				CODE_SIGN_STYLE = Automatic;
				INFOPLIST_FILE = TouchExplorerTests/Info.plist;
				LD_RUNPATH_SEARCH_PATHS = (
					"$(inherited)",
					"@executable_path/Frameworks",
					"@loader_path/Frameworks",
				);
				PRODUCT_BUNDLE_IDENTIFIER = MERA.acheck.TouchExplorerTests;
				PRODUCT_NAME = "$(TARGET_NAME)";
				TARGETED_DEVICE_FAMILY = "1,2";
				TEST_HOST = "$(BUILT_PRODUCTS_DIR)/TouchExplorer.app/TouchExplorer";
			};
			name = Release;
		};
		85F52782213EDE830045262B /* Debug */ = {
			isa = XCBuildConfiguration;
			buildSettings = {
				CODE_SIGN_STYLE = Automatic;
				INFOPLIST_FILE = TouchExplorerUITests/Info.plist;
				LD_RUNPATH_SEARCH_PATHS = (
					"$(inherited)",
					"@executable_path/Frameworks",
					"@loader_path/Frameworks",
				);
				PRODUCT_BUNDLE_IDENTIFIER = MERA.acheck.TouchExplorerUITests;
				PRODUCT_NAME = "$(TARGET_NAME)";
				TARGETED_DEVICE_FAMILY = "1,2";
				TEST_TARGET_NAME = TouchExplorer;
			};
			name = Debug;
		};
		85F52783213EDE830045262B /* Release */ = {
			isa = XCBuildConfiguration;
			buildSettings = {
				CODE_SIGN_STYLE = Automatic;
				INFOPLIST_FILE = TouchExplorerUITests/Info.plist;
				LD_RUNPATH_SEARCH_PATHS = (
					"$(inherited)",
					"@executable_path/Frameworks",
					"@loader_path/Frameworks",
				);
				PRODUCT_BUNDLE_IDENTIFIER = MERA.acheck.TouchExplorerUITests;
				PRODUCT_NAME = "$(TARGET_NAME)";
				TARGETED_DEVICE_FAMILY = "1,2";
				TEST_TARGET_NAME = TouchExplorer;
			};
			name = Release;
		};
/* End XCBuildConfiguration section */

/* Begin XCConfigurationList section */
		85F5274A213EDE5C0045262B /* Build configuration list for PBXProject "TouchExplorer" */ = {
			isa = XCConfigurationList;
			buildConfigurations = (
				85F52779213EDE830045262B /* Debug */,
				85F5277A213EDE830045262B /* Release */,
			);
			defaultConfigurationIsVisible = 0;
			defaultConfigurationName = Release;
		};
		85F5277B213EDE830045262B /* Build configuration list for PBXNativeTarget "TouchExplorer" */ = {
			isa = XCConfigurationList;
			buildConfigurations = (
				85F5277C213EDE830045262B /* Debug */,
				85F5277D213EDE830045262B /* Release */,
			);
			defaultConfigurationIsVisible = 0;
			defaultConfigurationName = Release;
		};
		85F5277E213EDE830045262B /* Build configuration list for PBXNativeTarget "TouchExplorerTests" */ = {
			isa = XCConfigurationList;
			buildConfigurations = (
				85F5277F213EDE830045262B /* Debug */,
				85F52780213EDE830045262B /* Release */,
			);
			defaultConfigurationIsVisible = 0;
			defaultConfigurationName = Release;
		};
		85F52781213EDE830045262B /* Build configuration list for PBXNativeTarget "TouchExplorerUITests" */ = {
			isa = XCConfigurationList;
			buildConfigurations = (
				85F52782213EDE830045262B /* Debug */,
				85F52783213EDE830045262B /* Release */,
			);
			defaultConfigurationIsVisible = 0;
			defaultConfigurationName = Release;
		};
/* End XCConfigurationList section */
	};
	rootObject = 85F52747213EDE5C0045262B /* Project object */;
}
